
Microsoft Visual Studio Solution File, Format Version 12.00
# Visual Studio 15
VisualStudioVersion = 15.0.28307.572
MinimumVisualStudioVersion = 10.0.40219.1
Project("{FAE04EC0-301F-11D3-BF4B-00C04F79EFBC}") = "OnlineBD1HW", "OnlineBD1HW\OnlineBD1HW.csproj", "{DC39DE9A-D7CC-4159-B957-B0D2A72CD489}"
EndProject
Project("{FAE04EC0-301F-11D3-BF4B-00C04F79EFBC}") = "Services", "Services\Services.csproj", "{2A8E5BC8-473C-4D2D-9FC1-AA6EF8B184B2}"
EndProject
Project("{FAE04EC0-301F-11D3-BF4B-00C04F79EFBC}") = "DataAcsess", "DataAcsess\DataAcsess.csproj", "{A7CFD0DA-D358-4493-ADD9-F2E04BD96FEF}"
EndProject
Global
	GlobalSection(SolutionConfigurationPlatforms) = preSolution
		Debug|Any CPU = Debug|Any CPU
		Release|Any CPU = Release|Any CPU
	EndGlobalSection
	GlobalSection(ProjectConfigurationPlatforms) = postSolution
		{DC39DE9A-D7CC-4159-B957-B0D2A72CD489}.Debug|Any CPU.ActiveCfg = Debug|Any CPU
		{DC39DE9A-D7CC-4159-B957-B0D2A72CD489}.Debug|Any CPU.Build.0 = Debug|Any CPU
		{DC39DE9A-D7CC-4159-B957-B0D2A72CD489}.Release|Any CPU.ActiveCfg = Release|Any CPU
		{DC39DE9A-D7CC-4159-B957-B0D2A72CD489}.Release|Any CPU.Build.0 = Release|Any CPU
		{2A8E5BC8-473C-4D2D-9FC1-AA6EF8B184B2}.Debug|Any CPU.ActiveCfg = Debug|Any CPU
		{2A8E5BC8-473C-4D2D-9FC1-AA6EF8B184B2}.Debug|Any CPU.Build.0 = Debug|Any CPU
		{2A8E5BC8-473C-4D2D-9FC1-AA6EF8B184B2}.Release|Any CPU.ActiveCfg = Release|Any CPU
		{2A8E5BC8-473C-4D2D-9FC1-AA6EF8B184B2}.Release|Any CPU.Build.0 = Release|Any CPU
		{A7CFD0DA-D358-4493-ADD9-F2E04BD96FEF}.Debug|Any CPU.ActiveCfg = Debug|Any CPU
		{A7CFD0DA-D358-4493-ADD9-F2E04BD96FEF}.Debug|Any CPU.Build.0 = Debug|Any CPU
		{A7CFD0DA-D358-4493-ADD9-F2E04BD96FEF}.Release|Any CPU.ActiveCfg = Release|Any CPU
		{A7CFD0DA-D358-4493-ADD9-F2E04BD96FEF}.Release|Any CPU.Build.0 = Release|Any CPU
	EndGlobalSection
	GlobalSection(SolutionProperties) = preSolution
		HideSolutionNode = FALSE
	EndGlobalSection
	GlobalSection(ExtensibilityGlobals) = postSolution
		SolutionGuid = {4D44C9A7-51B3-4EC6-8662-00823430CD3C}
	EndGlobalSection
EndGlobal
