
Microsoft Visual Studio Solution File, Format Version 12.00
# Visual Studio 15
VisualStudioVersion = 15.0.28307.572
MinimumVisualStudioVersion = 10.0.40219.1
Project("{FAE04EC0-301F-11D3-BF4B-00C04F79EFBC}") = "OnlineAdoHW2", "OnlineAdoHW2\OnlineAdoHW2.csproj", "{C4062CA0-6985-46CA-AF02-7CE6665E598A}"
EndProject
Global
	GlobalSection(SolutionConfigurationPlatforms) = preSolution
		Debug|Any CPU = Debug|Any CPU
		Release|Any CPU = Release|Any CPU
	EndGlobalSection
	GlobalSection(ProjectConfigurationPlatforms) = postSolution
		{C4062CA0-6985-46CA-AF02-7CE6665E598A}.Debug|Any CPU.ActiveCfg = Debug|Any CPU
		{C4062CA0-6985-46CA-AF02-7CE6665E598A}.Debug|Any CPU.Build.0 = Debug|Any CPU
		{C4062CA0-6985-46CA-AF02-7CE6665E598A}.Release|Any CPU.ActiveCfg = Release|Any CPU
		{C4062CA0-6985-46CA-AF02-7CE6665E598A}.Release|Any CPU.Build.0 = Release|Any CPU
	EndGlobalSection
	GlobalSection(SolutionProperties) = preSolution
		HideSolutionNode = FALSE
	EndGlobalSection
	GlobalSection(ExtensibilityGlobals) = postSolution
		SolutionGuid = {14ACE5B6-E2EF-42A9-8541-5371CFE6A5FA}
	EndGlobalSection
EndGlobal
