
Microsoft Visual Studio Solution File, Format Version 12.00
# Visual Studio 15
VisualStudioVersion = 15.0.28307.106
MinimumVisualStudioVersion = 10.0.40219.1
Project("{FAE04EC0-301F-11D3-BF4B-00C04F79EFBC}") = "EnumHW", "EnumHW\EnumHW.csproj", "{14A72490-68B2-4851-89C3-475F5282E902}"
EndProject
Global
	GlobalSection(SolutionConfigurationPlatforms) = preSolution
		Debug|Any CPU = Debug|Any CPU
		Release|Any CPU = Release|Any CPU
	EndGlobalSection
	GlobalSection(ProjectConfigurationPlatforms) = postSolution
		{14A72490-68B2-4851-89C3-475F5282E902}.Debug|Any CPU.ActiveCfg = Debug|Any CPU
		{14A72490-68B2-4851-89C3-475F5282E902}.Debug|Any CPU.Build.0 = Debug|Any CPU
		{14A72490-68B2-4851-89C3-475F5282E902}.Release|Any CPU.ActiveCfg = Release|Any CPU
		{14A72490-68B2-4851-89C3-475F5282E902}.Release|Any CPU.Build.0 = Release|Any CPU
	EndGlobalSection
	GlobalSection(SolutionProperties) = preSolution
		HideSolutionNode = FALSE
	EndGlobalSection
	GlobalSection(ExtensibilityGlobals) = postSolution
		SolutionGuid = {663264F7-9F9E-4C46-A707-D7A5DC597515}
	EndGlobalSection
EndGlobal
